
Microsoft Visual Studio Solution File, Format Version 12.00
# Visual Studio 15
VisualStudioVersion = 15.0.28307.421
MinimumVisualStudioVersion = 10.0.40219.1
Project("{FAE04EC0-301F-11D3-BF4B-00C04F79EFBC}") = "NodaTime.MongoDBSerializers", "NodaTime.MongoDBSerializers\NodaTime.MongoDBSerializers.csproj", "{0B85D11D-FAA8-46D7-8019-A5524020C6C8}"
EndProject
Global
	GlobalSection(SolutionConfigurationPlatforms) = preSolution
		Debug|Any CPU = Debug|Any CPU
		Release|Any CPU = Release|Any CPU
	EndGlobalSection
	GlobalSection(ProjectConfigurationPlatforms) = postSolution
		{0B85D11D-FAA8-46D7-8019-A5524020C6C8}.Debug|Any CPU.ActiveCfg = Debug|Any CPU
		{0B85D11D-FAA8-46D7-8019-A5524020C6C8}.Debug|Any CPU.Build.0 = Debug|Any CPU
		{0B85D11D-FAA8-46D7-8019-A5524020C6C8}.Release|Any CPU.ActiveCfg = Release|Any CPU
		{0B85D11D-FAA8-46D7-8019-A5524020C6C8}.Release|Any CPU.Build.0 = Release|Any CPU
	EndGlobalSection
	GlobalSection(SolutionProperties) = preSolution
		HideSolutionNode = FALSE
	EndGlobalSection
	GlobalSection(ExtensibilityGlobals) = postSolution
		SolutionGuid = {E22F15A4-66B7-419E-BA70-0CF0A4BD47A8}
	EndGlobalSection
EndGlobal
